
Microsoft Visual Studio Solution File, Format Version 12.00
# Visual Studio Version 16
VisualStudioVersion = 16.0.33214.272
MinimumVisualStudioVersion = 10.0.40219.1
Project("{FAE04EC0-301F-11D3-BF4B-00C04F79EFBC}") = "SultanSklepBackend", "SultanSklepBackend\SultanSklepBackend.csproj", "{EDF5BBD5-92E6-4202-8399-BEF069C5B27F}"
EndProject
Global
	GlobalSection(SolutionConfigurationPlatforms) = preSolution
		Debug|Any CPU = Debug|Any CPU
		Release|Any CPU = Release|Any CPU
	EndGlobalSection
	GlobalSection(ProjectConfigurationPlatforms) = postSolution
		{EDF5BBD5-92E6-4202-8399-BEF069C5B27F}.Debug|Any CPU.ActiveCfg = Debug|Any CPU
		{EDF5BBD5-92E6-4202-8399-BEF069C5B27F}.Debug|Any CPU.Build.0 = Debug|Any CPU
		{EDF5BBD5-92E6-4202-8399-BEF069C5B27F}.Release|Any CPU.ActiveCfg = Release|Any CPU
		{EDF5BBD5-92E6-4202-8399-BEF069C5B27F}.Release|Any CPU.Build.0 = Release|Any CPU
	EndGlobalSection
	GlobalSection(SolutionProperties) = preSolution
		HideSolutionNode = FALSE
	EndGlobalSection
	GlobalSection(ExtensibilityGlobals) = postSolution
		SolutionGuid = {E8FD4A17-3E0D-4EFE-8C0C-20A2BC2195CB}
	EndGlobalSection
EndGlobal
